# This file is automatically @generated by Cargo.
# It is not intended for manual editing.
[[package]]
name = "ttf-parser"
version = "0.9.0"
source = "registry+https://github.com/rust-lang/crates.io-index"
checksum = "62ddb402ac6c2af6f7a2844243887631c4e94b51585b229fcfddb43958cd55ca"

[[package]]
name = "ttf-utils"
version = "0.1.0"
dependencies = [
 "ttf-parser",
]
