# This file is automatically @generated by Cargo.
# It is not intended for manual editing.
[[package]]
name = "ttf-parser"
version = "0.10.0"
source = "registry+https://github.com/rust-lang/crates.io-index"
checksum = "5d32211d8cbe770ffca415d35f8e600ee35786842b4a303dfc231e60c5cfaf0b"

[[package]]
name = "ttf-utils"
version = "0.1.0"
dependencies = [
 "ttf-parser",
]
